// !$*UTF8*$!
{
	archiveVersion = 1;
	classes = {
	};
	objectVersion = 50;
	objects = {

/* Begin PBXBuildFile section */
		B01E6BB2269C254800DA206C /* AppDelegate.swift in Sources */ = {isa = PBXBuildFile; fileRef = B01E6BB1269C254800DA206C /* AppDelegate.swift */; };
		B01E6BB4269C254800DA206C /* ViewController.swift in Sources */ = {isa = PBXBuildFile; fileRef = B01E6BB3269C254800DA206C /* ViewController.swift */; };
		B01E6BB6269C254900DA206C /* Assets.xcassets in Resources */ = {isa = PBXBuildFile; fileRef = B01E6BB5269C254900DA206C /* Assets.xcassets */; };
		B01E6BB9269C254900DA206C /* Main.storyboard in Resources */ = {isa = PBXBuildFile; fileRef = B01E6BB7269C254900DA206C /* Main.storyboard */; };
		B01E6BC3269C26CF00DA206C /* CustomFileManager.swift in Sources */ = {isa = PBXBuildFile; fileRef = B01E6BC2269C26CF00DA206C /* CustomFileManager.swift */; };
		B01E6BC6269C2D8B00DA206C /* DisplayItem.swift in Sources */ = {isa = PBXBuildFile; fileRef = B01E6BC5269C2D8B00DA206C /* DisplayItem.swift */; };
		B0764778269C503C00446D27 /* ProgrammaticTableCellView.swift in Sources */ = {isa = PBXBuildFile; fileRef = B0764777269C503C00446D27 /* ProgrammaticTableCellView.swift */; };
		B08A0E72269C65B700BE41EC /* Units.swift in Sources */ = {isa = PBXBuildFile; fileRef = B08A0E71269C65B700BE41EC /* Units.swift */; };
/* End PBXBuildFile section */

/* Begin PBXFileReference section */
		B01E6BAE269C254800DA206C /* FileManager-OutlineView.app */ = {isa = PBXFileReference; explicitFileType = wrapper.application; includeInIndex = 0; path = "FileManager-OutlineView.app"; sourceTree = BUILT_PRODUCTS_DIR; };
		B01E6BB1269C254800DA206C /* AppDelegate.swift */ = {isa = PBXFileReference; lastKnownFileType = sourcecode.swift; path = AppDelegate.swift; sourceTree = "<group>"; };
		B01E6BB3269C254800DA206C /* ViewController.swift */ = {isa = PBXFileReference; lastKnownFileType = sourcecode.swift; path = ViewController.swift; sourceTree = "<group>"; };
		B01E6BB5269C254900DA206C /* Assets.xcassets */ = {isa = PBXFileReference; lastKnownFileType = folder.assetcatalog; path = Assets.xcassets; sourceTree = "<group>"; };
		B01E6BB8269C254900DA206C /* Base */ = {isa = PBXFileReference; lastKnownFileType = file.storyboard; name = Base; path = Base.lproj/Main.storyboard; sourceTree = "<group>"; };
		B01E6BBA269C254900DA206C /* Info.plist */ = {isa = PBXFileReference; lastKnownFileType = text.plist.xml; path = Info.plist; sourceTree = "<group>"; };
		B01E6BBB269C254900DA206C /* FileManager_OutlineView.entitlements */ = {isa = PBXFileReference; lastKnownFileType = text.plist.entitlements; path = FileManager_OutlineView.entitlements; sourceTree = "<group>"; };
		B01E6BC2269C26CF00DA206C /* CustomFileManager.swift */ = {isa = PBXFileReference; lastKnownFileType = sourcecode.swift; path = CustomFileManager.swift; sourceTree = "<group>"; };
		B01E6BC5269C2D8B00DA206C /* DisplayItem.swift */ = {isa = PBXFileReference; lastKnownFileType = sourcecode.swift; path = DisplayItem.swift; sourceTree = "<group>"; };
		B0764777269C503C00446D27 /* ProgrammaticTableCellView.swift */ = {isa = PBXFileReference; lastKnownFileType = sourcecode.swift; path = ProgrammaticTableCellView.swift; sourceTree = "<group>"; };
		B08A0E71269C65B700BE41EC /* Units.swift */ = {isa = PBXFileReference; lastKnownFileType = sourcecode.swift; path = Units.swift; sourceTree = "<group>"; };
/* End PBXFileReference section */

/* Begin PBXFrameworksBuildPhase section */
		B01E6BAB269C254800DA206C /* Frameworks */ = {
			isa = PBXFrameworksBuildPhase;
			buildActionMask = 2147483647;
			files = (
			);
			runOnlyForDeploymentPostprocessing = 0;
		};
/* End PBXFrameworksBuildPhase section */

/* Begin PBXGroup section */
		B01E6BA5269C254700DA206C = {
			isa = PBXGroup;
			children = (
				B01E6BB0269C254800DA206C /* FileManager-OutlineView */,
				B01E6BAF269C254800DA206C /* Products */,
			);
			sourceTree = "<group>";
		};
		B01E6BAF269C254800DA206C /* Products */ = {
			isa = PBXGroup;
			children = (
				B01E6BAE269C254800DA206C /* FileManager-OutlineView.app */,
			);
			name = Products;
			sourceTree = "<group>";
		};
		B01E6BB0269C254800DA206C /* FileManager-OutlineView */ = {
			isa = PBXGroup;
			children = (
				B01E6BC1269C259500DA206C /* CustomFileManager */,
				B01E6BC4269C2D6900DA206C /* Modal */,
				B01E6BB1269C254800DA206C /* AppDelegate.swift */,
				B01E6BB3269C254800DA206C /* ViewController.swift */,
				B0764777269C503C00446D27 /* ProgrammaticTableCellView.swift */,
				B08A0E71269C65B700BE41EC /* Units.swift */,
				B01E6BB5269C254900DA206C /* Assets.xcassets */,
				B01E6BB7269C254900DA206C /* Main.storyboard */,
				B01E6BBA269C254900DA206C /* Info.plist */,
				B01E6BBB269C254900DA206C /* FileManager_OutlineView.entitlements */,
			);
			path = "FileManager-OutlineView";
			sourceTree = "<group>";
		};
		B01E6BC1269C259500DA206C /* CustomFileManager */ = {
			isa = PBXGroup;
			children = (
				B01E6BC2269C26CF00DA206C /* CustomFileManager.swift */,
			);
			path = CustomFileManager;
			sourceTree = "<group>";
		};
		B01E6BC4269C2D6900DA206C /* Modal */ = {
			isa = PBXGroup;
			children = (
				B01E6BC5269C2D8B00DA206C /* DisplayItem.swift */,
			);
			path = Modal;
			sourceTree = "<group>";
		};
/* End PBXGroup section */

/* Begin PBXNativeTarget section */
		B01E6BAD269C254800DA206C /* FileManager-OutlineView */ = {
			isa = PBXNativeTarget;
			buildConfigurationList = B01E6BBE269C254900DA206C /* Build configuration list for PBXNativeTarget "FileManager-OutlineView" */;
			buildPhases = (
				B01E6BAA269C254800DA206C /* Sources */,
				B01E6BAB269C254800DA206C /* Frameworks */,
				B01E6BAC269C254800DA206C /* Resources */,
			);
			buildRules = (
			);
			dependencies = (
			);
			name = "FileManager-OutlineView";
			productName = "FileManager-OutlineView";
			productReference = B01E6BAE269C254800DA206C /* FileManager-OutlineView.app */;
			productType = "com.apple.product-type.application";
		};
/* End PBXNativeTarget section */

/* Begin PBXProject section */
		B01E6BA6269C254800DA206C /* Project object */ = {
			isa = PBXProject;
			attributes = {
				LastSwiftUpdateCheck = 1250;
				LastUpgradeCheck = 1250;
				TargetAttributes = {
					B01E6BAD269C254800DA206C = {
						CreatedOnToolsVersion = 12.5;
					};
				};
			};
			buildConfigurationList = B01E6BA9269C254800DA206C /* Build configuration list for PBXProject "FileManager-OutlineView" */;
			compatibilityVersion = "Xcode 9.3";
			developmentRegion = en;
			hasScannedForEncodings = 0;
			knownRegions = (
				en,
				Base,
			);
			mainGroup = B01E6BA5269C254700DA206C;
			productRefGroup = B01E6BAF269C254800DA206C /* Products */;
			projectDirPath = "";
			projectRoot = "";
			targets = (
				B01E6BAD269C254800DA206C /* FileManager-OutlineView */,
			);
		};
/* End PBXProject section */

/* Begin PBXResourcesBuildPhase section */
		B01E6BAC269C254800DA206C /* Resources */ = {
			isa = PBXResourcesBuildPhase;
			buildActionMask = 2147483647;
			files = (
				B01E6BB6269C254900DA206C /* Assets.xcassets in Resources */,
				B01E6BB9269C254900DA206C /* Main.storyboard in Resources */,
			);
			runOnlyForDeploymentPostprocessing = 0;
		};
/* End PBXResourcesBuildPhase section */

/* Begin PBXSourcesBuildPhase section */
		B01E6BAA269C254800DA206C /* Sources */ = {
			isa = PBXSourcesBuildPhase;
			buildActionMask = 2147483647;
			files = (
				B01E6BC3269C26CF00DA206C /* CustomFileManager.swift in Sources */,
				B08A0E72269C65B700BE41EC /* Units.swift in Sources */,
				B01E6BB4269C254800DA206C /* ViewController.swift in Sources */,
				B01E6BB2269C254800DA206C /* AppDelegate.swift in Sources */,
				B01E6BC6269C2D8B00DA206C /* DisplayItem.swift in Sources */,
				B0764778269C503C00446D27 /* ProgrammaticTableCellView.swift in Sources */,
			);
			runOnlyForDeploymentPostprocessing = 0;
		};
/* End PBXSourcesBuildPhase section */

/* Begin PBXVariantGroup section */
		B01E6BB7269C254900DA206C /* Main.storyboard */ = {
			isa = PBXVariantGroup;
			children = (
				B01E6BB8269C254900DA206C /* Base */,
			);
			name = Main.storyboard;
			sourceTree = "<group>";
		};
/* End PBXVariantGroup section */

/* Begin XCBuildConfiguration section */
		B01E6BBC269C254900DA206C /* Debug */ = {
			isa = XCBuildConfiguration;
			buildSettings = {
				ALWAYS_SEARCH_USER_PATHS = NO;
				CLANG_ANALYZER_NONNULL = YES;
				CLANG_ANALYZER_NUMBER_OBJECT_CONVERSION = YES_AGGRESSIVE;
				CLANG_CXX_LANGUAGE_STANDARD = "gnu++14";
				CLANG_CXX_LIBRARY = "libc++";
				CLANG_ENABLE_MODULES = YES;
				CLANG_ENABLE_OBJC_ARC = YES;
				CLANG_ENABLE_OBJC_WEAK = YES;
				CLANG_WARN_BLOCK_CAPTURE_AUTORELEASING = YES;
				CLANG_WARN_BOOL_CONVERSION = YES;
				CLANG_WARN_COMMA = YES;
				CLANG_WARN_CONSTANT_CONVERSION = YES;
				CLANG_WARN_DEPRECATED_OBJC_IMPLEMENTATIONS = YES;
				CLANG_WARN_DIRECT_OBJC_ISA_USAGE = YES_ERROR;
				CLANG_WARN_DOCUMENTATION_COMMENTS = YES;
				CLANG_WARN_EMPTY_BODY = YES;
				CLANG_WARN_ENUM_CONVERSION = YES;
				CLANG_WARN_INFINITE_RECURSION = YES;
				CLANG_WARN_INT_CONVERSION = YES;
				CLANG_WARN_NON_LITERAL_NULL_CONVERSION = YES;
				CLANG_WARN_OBJC_IMPLICIT_RETAIN_SELF = YES;
				CLANG_WARN_OBJC_LITERAL_CONVERSION = YES;
				CLANG_WARN_OBJC_ROOT_CLASS = YES_ERROR;
				CLANG_WARN_QUOTED_INCLUDE_IN_FRAMEWORK_HEADER = YES;
				CLANG_WARN_RANGE_LOOP_ANALYSIS = YES;
				CLANG_WARN_STRICT_PROTOTYPES = YES;
				CLANG_WARN_SUSPICIOUS_MOVE = YES;
				CLANG_WARN_UNGUARDED_AVAILABILITY = YES_AGGRESSIVE;
				CLANG_WARN_UNREACHABLE_CODE = YES;
				CLANG_WARN__DUPLICATE_METHOD_MATCH = YES;
				COPY_PHASE_STRIP = NO;
				DEBUG_INFORMATION_FORMAT = dwarf;
				ENABLE_STRICT_OBJC_MSGSEND = YES;
				ENABLE_TESTABILITY = YES;
				GCC_C_LANGUAGE_STANDARD = gnu11;
				GCC_DYNAMIC_NO_PIC = NO;
				GCC_NO_COMMON_BLOCKS = YES;
				GCC_OPTIMIZATION_LEVEL = 0;
				GCC_PREPROCESSOR_DEFINITIONS = (
					"DEBUG=1",
					"$(inherited)",
				);
				GCC_WARN_64_TO_32_BIT_CONVERSION = YES;
				GCC_WARN_ABOUT_RETURN_TYPE = YES_ERROR;
				GCC_WARN_UNDECLARED_SELECTOR = YES;
				GCC_WARN_UNINITIALIZED_AUTOS = YES_AGGRESSIVE;
				GCC_WARN_UNUSED_FUNCTION = YES;
				GCC_WARN_UNUSED_VARIABLE = YES;
				MACOSX_DEPLOYMENT_TARGET = 11.3;
				MTL_ENABLE_DEBUG_INFO = INCLUDE_SOURCE;
				MTL_FAST_MATH = YES;
				ONLY_ACTIVE_ARCH = YES;
				SDKROOT = macosx;
				SWIFT_ACTIVE_COMPILATION_CONDITIONS = DEBUG;
				SWIFT_OPTIMIZATION_LEVEL = "-Onone";
			};
			name = Debug;
		};
		B01E6BBD269C254900DA206C /* Release */ = {
			isa = XCBuildConfiguration;
			buildSettings = {
				ALWAYS_SEARCH_USER_PATHS = NO;
				CLANG_ANALYZER_NONNULL = YES;
				CLANG_ANALYZER_NUMBER_OBJECT_CONVERSION = YES_AGGRESSIVE;
				CLANG_CXX_LANGUAGE_STANDARD = "gnu++14";
				CLANG_CXX_LIBRARY = "libc++";
				CLANG_ENABLE_MODULES = YES;
				CLANG_ENABLE_OBJC_ARC = YES;
				CLANG_ENABLE_OBJC_WEAK = YES;
				CLANG_WARN_BLOCK_CAPTURE_AUTORELEASING = YES;
				CLANG_WARN_BOOL_CONVERSION = YES;
				CLANG_WARN_COMMA = YES;
				CLANG_WARN_CONSTANT_CONVERSION = YES;
				CLANG_WARN_DEPRECATED_OBJC_IMPLEMENTATIONS = YES;
				CLANG_WARN_DIRECT_OBJC_ISA_USAGE = YES_ERROR;
				CLANG_WARN_DOCUMENTATION_COMMENTS = YES;
				CLANG_WARN_EMPTY_BODY = YES;
				CLANG_WARN_ENUM_CONVERSION = YES;
				CLANG_WARN_INFINITE_RECURSION = YES;
				CLANG_WARN_INT_CONVERSION = YES;
				CLANG_WARN_NON_LITERAL_NULL_CONVERSION = YES;
				CLANG_WARN_OBJC_IMPLICIT_RETAIN_SELF = YES;
				CLANG_WARN_OBJC_LITERAL_CONVERSION = YES;
				CLANG_WARN_OBJC_ROOT_CLASS = YES_ERROR;
				CLANG_WARN_QUOTED_INCLUDE_IN_FRAMEWORK_HEADER = YES;
				CLANG_WARN_RANGE_LOOP_ANALYSIS = YES;
				CLANG_WARN_STRICT_PROTOTYPES = YES;
				CLANG_WARN_SUSPICIOUS_MOVE = YES;
				CLANG_WARN_UNGUARDED_AVAILABILITY = YES_AGGRESSIVE;
				CLANG_WARN_UNREACHABLE_CODE = YES;
				CLANG_WARN__DUPLICATE_METHOD_MATCH = YES;
				COPY_PHASE_STRIP = NO;
				DEBUG_INFORMATION_FORMAT = "dwarf-with-dsym";
				ENABLE_NS_ASSERTIONS = NO;
				ENABLE_STRICT_OBJC_MSGSEND = YES;
				GCC_C_LANGUAGE_STANDARD = gnu11;
				GCC_NO_COMMON_BLOCKS = YES;
				GCC_WARN_64_TO_32_BIT_CONVERSION = YES;
				GCC_WARN_ABOUT_RETURN_TYPE = YES_ERROR;
				GCC_WARN_UNDECLARED_SELECTOR = YES;
				GCC_WARN_UNINITIALIZED_AUTOS = YES_AGGRESSIVE;
				GCC_WARN_UNUSED_FUNCTION = YES;
				GCC_WARN_UNUSED_VARIABLE = YES;
				MACOSX_DEPLOYMENT_TARGET = 11.3;
				MTL_ENABLE_DEBUG_INFO = NO;
				MTL_FAST_MATH = YES;
				SDKROOT = macosx;
				SWIFT_COMPILATION_MODE = wholemodule;
				SWIFT_OPTIMIZATION_LEVEL = "-O";
			};
			name = Release;
		};
		B01E6BBF269C254900DA206C /* Debug */ = {
			isa = XCBuildConfiguration;
			buildSettings = {
				ASSETCATALOG_COMPILER_APPICON_NAME = AppIcon;
				ASSETCATALOG_COMPILER_GLOBAL_ACCENT_COLOR_NAME = AccentColor;
				CODE_SIGN_ENTITLEMENTS = "FileManager-OutlineView/FileManager_OutlineView.entitlements";
				CODE_SIGN_STYLE = Automatic;
				COMBINE_HIDPI_IMAGES = YES;
				DEVELOPMENT_TEAM = S6ZX968578;
				ENABLE_HARDENED_RUNTIME = YES;
				INFOPLIST_FILE = "FileManager-OutlineView/Info.plist";
				LD_RUNPATH_SEARCH_PATHS = (
					"$(inherited)",
					"@executable_path/../Frameworks",
				);
				PRODUCT_BUNDLE_IDENTIFIER = "com.RoyRao.work.FileManager-OutlineView";
				PRODUCT_NAME = "$(TARGET_NAME)";
				SWIFT_VERSION = 5.0;
			};
			name = Debug;
		};
		B01E6BC0269C254900DA206C /* Release */ = {
			isa = XCBuildConfiguration;
			buildSettings = {
				ASSETCATALOG_COMPILER_APPICON_NAME = AppIcon;
				ASSETCATALOG_COMPILER_GLOBAL_ACCENT_COLOR_NAME = AccentColor;
				CODE_SIGN_ENTITLEMENTS = "FileManager-OutlineView/FileManager_OutlineView.entitlements";
				CODE_SIGN_STYLE = Automatic;
				COMBINE_HIDPI_IMAGES = YES;
				DEVELOPMENT_TEAM = S6ZX968578;
				ENABLE_HARDENED_RUNTIME = YES;
				INFOPLIST_FILE = "FileManager-OutlineView/Info.plist";
				LD_RUNPATH_SEARCH_PATHS = (
					"$(inherited)",
					"@executable_path/../Frameworks",
				);
				PRODUCT_BUNDLE_IDENTIFIER = "com.RoyRao.work.FileManager-OutlineView";
				PRODUCT_NAME = "$(TARGET_NAME)";
				SWIFT_VERSION = 5.0;
			};
			name = Release;
		};
/* End XCBuildConfiguration section */

/* Begin XCConfigurationList section */
		B01E6BA9269C254800DA206C /* Build configuration list for PBXProject "FileManager-OutlineView" */ = {
			isa = XCConfigurationList;
			buildConfigurations = (
				B01E6BBC269C254900DA206C /* Debug */,
				B01E6BBD269C254900DA206C /* Release */,
			);
			defaultConfigurationIsVisible = 0;
			defaultConfigurationName = Release;
		};
		B01E6BBE269C254900DA206C /* Build configuration list for PBXNativeTarget "FileManager-OutlineView" */ = {
			isa = XCConfigurationList;
			buildConfigurations = (
				B01E6BBF269C254900DA206C /* Debug */,
				B01E6BC0269C254900DA206C /* Release */,
			);
			defaultConfigurationIsVisible = 0;
			defaultConfigurationName = Release;
		};
/* End XCConfigurationList section */
	};
	rootObject = B01E6BA6269C254800DA206C /* Project object */;
}
